
Microsoft Visual Studio Solution File, Format Version 12.00
# Visual Studio Version 16
VisualStudioVersion = 16.0.31702.278
MinimumVisualStudioVersion = 10.0.40219.1
Project("{FAE04EC0-301F-11D3-BF4B-00C04F79EFBC}") = "Entidades", "Entidades\Entidades.csproj", "{FE3B0697-D182-4DA3-B269-35557A8BDB67}"
EndProject
Project("{FAE04EC0-301F-11D3-BF4B-00C04F79EFBC}") = "Dal", "Dal\Dal.csproj", "{1DC21E4D-6AEF-45DA-A3F6-3F5B3AE37B81}"
EndProject
Project("{FAE04EC0-301F-11D3-BF4B-00C04F79EFBC}") = "DalTest", "DalTest\DalTest.csproj", "{DCE01210-45EE-4BF0-84A3-2B161985BDA9}"
EndProject
Project("{FAE04EC0-301F-11D3-BF4B-00C04F79EFBC}") = "Bll", "Bll\Bll.csproj", "{6DB8006F-9CFF-4469-A0A9-78A70077D063}"
EndProject
Project("{FAE04EC0-301F-11D3-BF4B-00C04F79EFBC}") = "BllTest", "BllTest\BllTest.csproj", "{AAA7C903-F76A-4BE8-8823-47B0D7B70EB7}"
EndProject
Project("{FAE04EC0-301F-11D3-BF4B-00C04F79EFBC}") = "WebApiTiendaVirtual", "WebApiTiendaVirtual\WebApiTiendaVirtual.csproj", "{61739AFA-6798-4EA7-9EBC-2928CAF7BFF4}"
EndProject
Project("{FAE04EC0-301F-11D3-BF4B-00C04F79EFBC}") = "PlConsola", "PlConsola\PlConsola.csproj", "{7549728E-2E04-4016-8D39-06180322BC6F}"
EndProject
Project("{FAE04EC0-301F-11D3-BF4B-00C04F79EFBC}") = "PlWebForms", "PlWebForms\PlWebForms.csproj", "{B9FC83D1-B7E2-435A-B1D8-3CACDD7AA420}"
EndProject
Project("{FAE04EC0-301F-11D3-BF4B-00C04F79EFBC}") = "PlMvc", "PlMvc\PlMvc.csproj", "{2A79847E-2117-43DE-9DCA-D2442942B2E9}"
EndProject
Project("{FAE04EC0-301F-11D3-BF4B-00C04F79EFBC}") = "PlWebMvcCore", "PlWebMvcCore\PlWebMvcCore.csproj", "{55B8E45B-ADAA-46B0-81F5-559EF4BAA5CB}"
EndProject
Global
	GlobalSection(SolutionConfigurationPlatforms) = preSolution
		Debug|Any CPU = Debug|Any CPU
		Release|Any CPU = Release|Any CPU
	EndGlobalSection
	GlobalSection(ProjectConfigurationPlatforms) = postSolution
		{FE3B0697-D182-4DA3-B269-35557A8BDB67}.Debug|Any CPU.ActiveCfg = Debug|Any CPU
		{FE3B0697-D182-4DA3-B269-35557A8BDB67}.Debug|Any CPU.Build.0 = Debug|Any CPU
		{FE3B0697-D182-4DA3-B269-35557A8BDB67}.Release|Any CPU.ActiveCfg = Release|Any CPU
		{FE3B0697-D182-4DA3-B269-35557A8BDB67}.Release|Any CPU.Build.0 = Release|Any CPU
		{1DC21E4D-6AEF-45DA-A3F6-3F5B3AE37B81}.Debug|Any CPU.ActiveCfg = Debug|Any CPU
		{1DC21E4D-6AEF-45DA-A3F6-3F5B3AE37B81}.Debug|Any CPU.Build.0 = Debug|Any CPU
		{1DC21E4D-6AEF-45DA-A3F6-3F5B3AE37B81}.Release|Any CPU.ActiveCfg = Release|Any CPU
		{1DC21E4D-6AEF-45DA-A3F6-3F5B3AE37B81}.Release|Any CPU.Build.0 = Release|Any CPU
		{DCE01210-45EE-4BF0-84A3-2B161985BDA9}.Debug|Any CPU.ActiveCfg = Debug|Any CPU
		{DCE01210-45EE-4BF0-84A3-2B161985BDA9}.Debug|Any CPU.Build.0 = Debug|Any CPU
		{DCE01210-45EE-4BF0-84A3-2B161985BDA9}.Release|Any CPU.ActiveCfg = Release|Any CPU
		{DCE01210-45EE-4BF0-84A3-2B161985BDA9}.Release|Any CPU.Build.0 = Release|Any CPU
		{6DB8006F-9CFF-4469-A0A9-78A70077D063}.Debug|Any CPU.ActiveCfg = Debug|Any CPU
		{6DB8006F-9CFF-4469-A0A9-78A70077D063}.Debug|Any CPU.Build.0 = Debug|Any CPU
		{6DB8006F-9CFF-4469-A0A9-78A70077D063}.Release|Any CPU.ActiveCfg = Release|Any CPU
		{6DB8006F-9CFF-4469-A0A9-78A70077D063}.Release|Any CPU.Build.0 = Release|Any CPU
		{AAA7C903-F76A-4BE8-8823-47B0D7B70EB7}.Debug|Any CPU.ActiveCfg = Debug|Any CPU
		{AAA7C903-F76A-4BE8-8823-47B0D7B70EB7}.Debug|Any CPU.Build.0 = Debug|Any CPU
		{AAA7C903-F76A-4BE8-8823-47B0D7B70EB7}.Release|Any CPU.ActiveCfg = Release|Any CPU
		{AAA7C903-F76A-4BE8-8823-47B0D7B70EB7}.Release|Any CPU.Build.0 = Release|Any CPU
		{61739AFA-6798-4EA7-9EBC-2928CAF7BFF4}.Debug|Any CPU.ActiveCfg = Debug|Any CPU
		{61739AFA-6798-4EA7-9EBC-2928CAF7BFF4}.Debug|Any CPU.Build.0 = Debug|Any CPU
		{61739AFA-6798-4EA7-9EBC-2928CAF7BFF4}.Release|Any CPU.ActiveCfg = Release|Any CPU
		{61739AFA-6798-4EA7-9EBC-2928CAF7BFF4}.Release|Any CPU.Build.0 = Release|Any CPU
		{7549728E-2E04-4016-8D39-06180322BC6F}.Debug|Any CPU.ActiveCfg = Debug|Any CPU
		{7549728E-2E04-4016-8D39-06180322BC6F}.Debug|Any CPU.Build.0 = Debug|Any CPU
		{7549728E-2E04-4016-8D39-06180322BC6F}.Release|Any CPU.ActiveCfg = Release|Any CPU
		{7549728E-2E04-4016-8D39-06180322BC6F}.Release|Any CPU.Build.0 = Release|Any CPU
		{B9FC83D1-B7E2-435A-B1D8-3CACDD7AA420}.Debug|Any CPU.ActiveCfg = Debug|Any CPU
		{B9FC83D1-B7E2-435A-B1D8-3CACDD7AA420}.Debug|Any CPU.Build.0 = Debug|Any CPU
		{B9FC83D1-B7E2-435A-B1D8-3CACDD7AA420}.Release|Any CPU.ActiveCfg = Release|Any CPU
		{B9FC83D1-B7E2-435A-B1D8-3CACDD7AA420}.Release|Any CPU.Build.0 = Release|Any CPU
		{2A79847E-2117-43DE-9DCA-D2442942B2E9}.Debug|Any CPU.ActiveCfg = Debug|Any CPU
		{2A79847E-2117-43DE-9DCA-D2442942B2E9}.Debug|Any CPU.Build.0 = Debug|Any CPU
		{2A79847E-2117-43DE-9DCA-D2442942B2E9}.Release|Any CPU.ActiveCfg = Release|Any CPU
		{2A79847E-2117-43DE-9DCA-D2442942B2E9}.Release|Any CPU.Build.0 = Release|Any CPU
		{55B8E45B-ADAA-46B0-81F5-559EF4BAA5CB}.Debug|Any CPU.ActiveCfg = Debug|Any CPU
		{55B8E45B-ADAA-46B0-81F5-559EF4BAA5CB}.Debug|Any CPU.Build.0 = Debug|Any CPU
		{55B8E45B-ADAA-46B0-81F5-559EF4BAA5CB}.Release|Any CPU.ActiveCfg = Release|Any CPU
		{55B8E45B-ADAA-46B0-81F5-559EF4BAA5CB}.Release|Any CPU.Build.0 = Release|Any CPU
	EndGlobalSection
	GlobalSection(SolutionProperties) = preSolution
		HideSolutionNode = FALSE
	EndGlobalSection
	GlobalSection(ExtensibilityGlobals) = postSolution
		SolutionGuid = {21792A8A-E185-4062-98BD-BFBD2E23D0B0}
	EndGlobalSection
EndGlobal
